{
  "nodes": {
    "nixos-hardware": {
      "locked": {
        "lastModified": 1622276224,
        "narHash": "sha256-6HrnTnw5wXW7Lv92s+R/FkvODuutL0Kb34HP79Jab8U=",
        "owner": "NixOS",
        "repo": "nixos-hardware",
        "rev": "0a7b43b5952122a080ad965b3589f17d7dc383d3",
        "type": "github"
      },
      "original": {
        "owner": "NixOS",
        "repo": "nixos-hardware",
        "rev": "0a7b43b5952122a080ad965b3589f17d7dc383d3",
        "type": "github"
      }
    },
    "nixpkgs": {
      "locked": {
        "lastModified": 1696119408,
        "narHash": "sha256-SRL+pMK7V99TJ6VsJh2gU1ZZxvVswORudow80qLsybo=",
        "owner": "the-argus",
        "repo": "nixpkgs",
        "rev": "efb5877a1a5196b57e1e72a600790bd490f4a2f2",
        "type": "github"
      },
      "original": {
        "owner": "the-argus",
        "ref": "uconsole-fixes",
        "repo": "nixpkgs",
        "type": "github"
      }
    },
    "root": {
      "inputs": {
        "nixos-hardware": "nixos-hardware",
        "nixpkgs": "nixpkgs"
      }
    }
  },
  "root": "root",
  "version": 7
}
