{
  "nodes": {
    "nixos-hardware": {
      "locked": {
        "lastModified": 1622276224,
        "narHash": "sha256-6HrnTnw5wXW7Lv92s+R/FkvODuutL0Kb34HP79Jab8U=",
        "owner": "NixOS",
        "repo": "nixos-hardware",
        "rev": "0a7b43b5952122a080ad965b3589f17d7dc383d3",
        "type": "github"
      },
      "original": {
        "owner": "NixOS",
        "repo": "nixos-hardware",
        "rev": "0a7b43b5952122a080ad965b3589f17d7dc383d3",
        "type": "github"
      }
    },
    "nixpkgs": {
      "locked": {
        "lastModified": 1695825837,
        "narHash": "sha256-4Ne11kNRnQsmSJCRSSNkFRSnHC4Y5gPDBIQGjjPfJiU=",
        "owner": "nixos",
        "repo": "nixpkgs",
        "rev": "5cfafa12d57374f48bcc36fda3274ada276cf69e",
        "type": "github"
      },
      "original": {
        "owner": "nixos",
        "ref": "nixos-23.05",
        "repo": "nixpkgs",
        "type": "github"
      }
    },
    "root": {
      "inputs": {
        "nixos-hardware": "nixos-hardware",
        "nixpkgs": "nixpkgs"
      }
    }
  },
  "root": "root",
  "version": 7
}
